{
  "name": "openclawd-solana-kit",
  "version": "1.0.0",
  "lockfileVersion": 3,
  "requires": true,
  "packages": {
    "": {
      "name": "openclawd-solana-kit",
      "version": "1.0.0",
      "hasInstallScript": true,
      "license": "MIT",
      "bin": {
        "openclawd-kit": "npm/bin/openclawd-kit.mjs",
        "openclawd-solana-kit": "npm/bin/openclawd-kit.mjs"
      },
      "engines": {
        "node": ">=18"
      }
    }
  }
}
